{
  "name": "assignment-helper-ai",
  "version": "1.0.0",
  "lockfileVersion": 2,
  "requires": true,
  "packages": {
    "": {
      "name": "assignment-helper-ai",
      "version": "1.0.0",
      "dependencies": {
        "cors": "^2.8.5",
        "dotenv": "^16.0.0",
        "express": "^4.18.0",
        "groq-sdk": "^0.3.0",
        "multer": "^1.4.5",
        "pdf-parse": "^1.1.1"
      }
    },
    "node_modules/cors": {
      "version": "2.8.5",
      "resolved": "https://registry.npmjs.org/cors/-/cors-2.8.5.tgz",
      "integrity": "sha512-KIHbARobq3Mg+Gv+rg2WPdSJLKmIBfJMYg+Btf4+qkq+bJqBUtJ+3mRuQPvmKrW+eFSbwP3xPKc3vK9+OeY8+Q=="
    },
    "node_modules/dotenv": {
      "version": "16.4.5",
      "resolved": "https://registry.npmjs.org/dotenv/-/dotenv-16.4.5.tgz",
      "integrity": "sha512-ZmdL2+l+N4z5G8hU69S2H09Y11G0hZ2n2933M0QG3d7jF0Z+8wBvK8yYtC71H68+g=="
    },
    "node_modules/express": {
      "version": "4.19.2",
      "resolved": "https://registry.npmjs.org/express/-/express-4.19.2.tgz",
      "integrity": "sha512-5P6nhH7q5iG43aK9V8+XbBfG9gXgS54R3pZ596g7gG9R8sTfN2aO7H2w5vM+q+Q=="
    },
    "node_modules/groq-sdk": {
      "version": "0.3.3",
      "resolved": "https://registry.npmjs.org/groq-sdk/-/groq-sdk-0.3.3.tgz",
      "integrity": "sha512-h8Vf2jW5wXbU6zH93i0a3z5F998r1J76P08f5q1L824+zL6x89P0u8=="
    },
    "node_modules/multer": {
      "version": "1.4.5-lts.1",
      "resolved": "https://registry.npmjs.org/multer/-/multer-1.4.5-lts.1.tgz",
      "integrity": "sha512-p924Fq1VlS3qUaQz7/T1J+K6b6TjE+t8tF2+6Z23vGgN9Zq92O0o5u+w=="
    },
    "node_modules/pdf-parse": {
      "version": "1.1.1",
      "resolved": "https://registry.npmjs.org/pdf-parse/-/pdf-parse-1.1.1.tgz",
      "integrity": "sha512-6Wz+XwS+75rJ8hJqTz5D5T8x8+3Z3O0iGq9L0XJ2p5d7k1f6m96h2f72p6d+u2+u2+u=="
    }
  }
}
